
Microsoft Visual Studio Solution File, Format Version 12.00
# Visual Studio Version 16
VisualStudioVersion = 16.0.30104.148
MinimumVisualStudioVersion = 10.0.40219.1
Project("{8BC9CEB8-8B4A-11D0-8D11-00A0C91BC942}") = "lab3-v5", "lab3-v5\lab3-v5.vcxproj", "{01F88453-858B-4F3C-995D-1E3D8B592135}"
EndProject
Global
	GlobalSection(SolutionConfigurationPlatforms) = preSolution
		Debug|x64 = Debug|x64
		Debug|x86 = Debug|x86
		Release|x64 = Release|x64
		Release|x86 = Release|x86
	EndGlobalSection
	GlobalSection(ProjectConfigurationPlatforms) = postSolution
		{01F88453-858B-4F3C-995D-1E3D8B592135}.Debug|x64.ActiveCfg = Debug|x64
		{01F88453-858B-4F3C-995D-1E3D8B592135}.Debug|x64.Build.0 = Debug|x64
		{01F88453-858B-4F3C-995D-1E3D8B592135}.Debug|x86.ActiveCfg = Debug|Win32
		{01F88453-858B-4F3C-995D-1E3D8B592135}.Debug|x86.Build.0 = Debug|Win32
		{01F88453-858B-4F3C-995D-1E3D8B592135}.Release|x64.ActiveCfg = Release|x64
		{01F88453-858B-4F3C-995D-1E3D8B592135}.Release|x64.Build.0 = Release|x64
		{01F88453-858B-4F3C-995D-1E3D8B592135}.Release|x86.ActiveCfg = Release|Win32
		{01F88453-858B-4F3C-995D-1E3D8B592135}.Release|x86.Build.0 = Release|Win32
	EndGlobalSection
	GlobalSection(SolutionProperties) = preSolution
		HideSolutionNode = FALSE
	EndGlobalSection
	GlobalSection(ExtensibilityGlobals) = postSolution
		SolutionGuid = {5094AA9D-64F4-4723-B35C-545D11A2ABFD}
	EndGlobalSection
EndGlobal
