
Microsoft Visual Studio Solution File, Format Version 12.00
# Visual Studio Version 16
VisualStudioVersion = 16.0.30104.148
MinimumVisualStudioVersion = 10.0.40219.1
Project("{8BC9CEB8-8B4A-11D0-8D11-00A0C91BC942}") = "lab2-v1", "lab2-v1\lab2-v1.vcxproj", "{45CE373C-BDE4-4FBD-B4DB-843579A9C574}"
EndProject
Global
	GlobalSection(SolutionConfigurationPlatforms) = preSolution
		Debug|x64 = Debug|x64
		Debug|x86 = Debug|x86
		Release|x64 = Release|x64
		Release|x86 = Release|x86
	EndGlobalSection
	GlobalSection(ProjectConfigurationPlatforms) = postSolution
		{45CE373C-BDE4-4FBD-B4DB-843579A9C574}.Debug|x64.ActiveCfg = Debug|x64
		{45CE373C-BDE4-4FBD-B4DB-843579A9C574}.Debug|x64.Build.0 = Debug|x64
		{45CE373C-BDE4-4FBD-B4DB-843579A9C574}.Debug|x86.ActiveCfg = Debug|Win32
		{45CE373C-BDE4-4FBD-B4DB-843579A9C574}.Debug|x86.Build.0 = Debug|Win32
		{45CE373C-BDE4-4FBD-B4DB-843579A9C574}.Release|x64.ActiveCfg = Release|x64
		{45CE373C-BDE4-4FBD-B4DB-843579A9C574}.Release|x64.Build.0 = Release|x64
		{45CE373C-BDE4-4FBD-B4DB-843579A9C574}.Release|x86.ActiveCfg = Release|Win32
		{45CE373C-BDE4-4FBD-B4DB-843579A9C574}.Release|x86.Build.0 = Release|Win32
	EndGlobalSection
	GlobalSection(SolutionProperties) = preSolution
		HideSolutionNode = FALSE
	EndGlobalSection
	GlobalSection(ExtensibilityGlobals) = postSolution
		SolutionGuid = {FECB0752-2A92-498F-A970-F5550F799AE3}
	EndGlobalSection
EndGlobal
