<?xml version="1.0" encoding="utf-8"?>
<Project ToolsVersion="4.0" xmlns="http://schemas.microsoft.com/developer/msbuild/2003">
  <ItemGroup>
    <Filter Include="Source Files">
      <UniqueIdentifier>{4FC737F1-C7A5-4376-A066-2A32D752A2FF}</UniqueIdentifier>
      <Extensions>cpp;c;cc;cxx;c++;def;odl;idl;hpj;bat;asm;asmx</Extensions>
    </Filter>
    <Filter Include="Header Files">
      <UniqueIdentifier>{93995380-89BD-4b04-88EB-625FBE52EBFB}</UniqueIdentifier>
      <Extensions>h;hh;hpp;hxx;h++;hm;inl;inc;ipp;xsd</Extensions>
    </Filter>
    <Filter Include="Resource Files">
      <UniqueIdentifier>{67DA6AB6-F800-4c08-8B7A-83BB121AAD01}</UniqueIdentifier>
      <Extensions>rc;ico;cur;bmp;dlg;rc2;rct;bin;rgs;gif;jpg;jpeg;jpe;resx;tiff;tif;png;wav;mfcribbon-ms</Extensions>
    </Filter>
  </ItemGroup>
  <ItemGroup>
    <ClCompile Include="Piksel.cpp">
      <Filter>Source Files</Filter>
    </ClCompile>
    <ClCompile Include="main.cpp">
      <Filter>Source Files</Filter>
    </ClCompile>
    <ClCompile Include="Pozicija.cpp">
      <Filter>Source Files</Filter>
    </ClCompile>
    <ClCompile Include="Slika.cpp">
      <Filter>Source Files</Filter>
    </ClCompile>
    <ClCompile Include="CrnoBelaSlika.cpp">
      <Filter>Source Files</Filter>
    </ClCompile>
    <ClCompile Include="Vreme.cpp">
      <Filter>Source Files</Filter>
    </ClCompile>
    <ClCompile Include="SarenaSlika.cpp">
      <Filter>Source Files</Filter>
    </ClCompile>
    <ClCompile Include="Galerija.cpp">
      <Filter>Source Files</Filter>
    </ClCompile>
    <ClCompile Include="GalerijaUredjena.cpp">
      <Filter>Source Files</Filter>
    </ClCompile>
    <ClCompile Include="SivaSlika.cpp">
      <Filter>Source Files</Filter>
    </ClCompile>
  </ItemGroup>
  <ItemGroup>
    <ClInclude Include="Piksel.h">
      <Filter>Header Files</Filter>
    </ClInclude>
    <ClInclude Include="Pozicija.h">
      <Filter>Header Files</Filter>
    </ClInclude>
    <ClInclude Include="Slika.h">
      <Filter>Header Files</Filter>
    </ClInclude>
    <ClInclude Include="CrnoBelaSlika.h">
      <Filter>Header Files</Filter>
    </ClInclude>
    <ClInclude Include="Vreme.h">
      <Filter>Header Files</Filter>
    </ClInclude>
    <ClInclude Include="SarenaSlika.h">
      <Filter>Header Files</Filter>
    </ClInclude>
    <ClInclude Include="Galerija.h">
      <Filter>Header Files</Filter>
    </ClInclude>
    <ClInclude Include="GalerijaUredjena.h">
      <Filter>Header Files</Filter>
    </ClInclude>
    <ClInclude Include="SivaSlika.h">
      <Filter>Header Files</Filter>
    </ClInclude>
  </ItemGroup>
</Project>